
Microsoft Visual Studio Solution File, Format Version 12.00
# Visual Studio Version 16
VisualStudioVersion = 16.0.30011.22
MinimumVisualStudioVersion = 10.0.40219.1
Project("{FAE04EC0-301F-11D3-BF4B-00C04F79EFBC}") = "test2222", "test2222\test2222.csproj", "{5AD0264C-B15A-4F6F-8245-8F91EFF5959F}"
EndProject
Global
	GlobalSection(SolutionConfigurationPlatforms) = preSolution
		Debug|Any CPU = Debug|Any CPU
		Release|Any CPU = Release|Any CPU
	EndGlobalSection
	GlobalSection(ProjectConfigurationPlatforms) = postSolution
		{5AD0264C-B15A-4F6F-8245-8F91EFF5959F}.Debug|Any CPU.ActiveCfg = Debug|Any CPU
		{5AD0264C-B15A-4F6F-8245-8F91EFF5959F}.Debug|Any CPU.Build.0 = Debug|Any CPU
		{5AD0264C-B15A-4F6F-8245-8F91EFF5959F}.Release|Any CPU.ActiveCfg = Release|Any CPU
		{5AD0264C-B15A-4F6F-8245-8F91EFF5959F}.Release|Any CPU.Build.0 = Release|Any CPU
	EndGlobalSection
	GlobalSection(SolutionProperties) = preSolution
		HideSolutionNode = FALSE
	EndGlobalSection
	GlobalSection(ExtensibilityGlobals) = postSolution
		SolutionGuid = {BCA5FA8E-5C31-4B4F-91E5-6760781A0D7C}
	EndGlobalSection
EndGlobal
